PODS:
  - Flutter (1.0.0)
  - wallet_kit (0.0.1):
    - Flutter

DEPENDENCIES:
  - Flutter (from `Flutter`)
  - wallet_kit (from `.symlinks/plugins/wallet_kit/ios`)

EXTERNAL SOURCES:
  Flutter:
    :path: Flutter
  wallet_kit:
    :path: ".symlinks/plugins/wallet_kit/ios"

SPEC CHECKSUMS:
  Flutter: f04841e97a9d0b0a8025694d0796dd46242b2854
  wallet_kit: 1d8f15227f5c63eff1773ad45e20a36651e7b773

PODFILE CHECKSUM: 663715e941f9adb426e33bf9376914006f9ea95b

COCOAPODS: 1.12.0
